
Microsoft Visual Studio Solution File, Format Version 12.00
# Visual Studio Version 17
VisualStudioVersion = 17.13.35825.156
MinimumVisualStudioVersion = 10.0.40219.1
Project("{2150E333-8FDC-42A3-9474-1A3956D46DE8}") = "Gateaway", "Gateaway", "{36D591C7-65C7-A0D1-1CBC-10CDE441BDC8}"
EndProject
Project("{2150E333-8FDC-42A3-9474-1A3956D46DE8}") = "Microservices", "Microservices", "{E9EA6B79-2935-414F-985F-BDEF631BB55E}"
EndProject
Project("{2150E333-8FDC-42A3-9474-1A3956D46DE8}") = "UserAuth", "UserAuth", "{F418AE2B-464E-4C74-A1A4-48E34260984E}"
EndProject
Project("{FAE04EC0-301F-11D3-BF4B-00C04F79EFBC}") = "Domain", "microservices\UserAuth\Domain\Domain.csproj", "{DCF06751-C7A3-4F6A-8A22-CFD9BBBE7F0C}"
EndProject
Project("{FAE04EC0-301F-11D3-BF4B-00C04F79EFBC}") = "Application", "microservices\UserAuth\Application\Application.csproj", "{366FBAA2-E985-4AA5-BC64-FFA6294D1D9F}"
EndProject
Project("{FAE04EC0-301F-11D3-BF4B-00C04F79EFBC}") = "Infrastructure", "microservices\UserAuth\Infrastructure\Infrastructure.csproj", "{5913326C-228C-4C58-B53F-E37A3B062364}"
EndProject
Project("{FAE04EC0-301F-11D3-BF4B-00C04F79EFBC}") = "UserAuth.API", "microservices\UserAuth\UserAuth.API\UserAuth.API.csproj", "{85BC7DFF-8C6D-4EEE-BA3F-325B6B20A845}"
EndProject
Project("{FAE04EC0-301F-11D3-BF4B-00C04F79EFBC}") = "YarpApiGateaway", "gateaway\YarpApiGateaway\YarpApiGateaway.csproj", "{1CD4A4DA-3234-4CB5-AA8D-39AD58A62896}"
EndProject
Project("{E53339B2-1760-4266-BCC7-CA923CBCF16C}") = "docker-compose", "docker-compose.dcproj", "{81DDED9D-158B-E303-5F62-77A2896D2A5A}"
EndProject
Project("{2150E333-8FDC-42A3-9474-1A3956D46DE8}") = "BuildingBlocks", "BuildingBlocks", "{5709AC3C-F23B-4AEE-8BF1-3BAF09BF9F21}"
EndProject
Project("{FAE04EC0-301F-11D3-BF4B-00C04F79EFBC}") = "BuildingBlocks", "buildingBlocks\BuildingBlocks\BuildingBlocks.csproj", "{0DA9FE12-8145-4D1A-A089-102F1EF18EBD}"
EndProject
Project("{2150E333-8FDC-42A3-9474-1A3956D46DE8}") = "Order", "Order", "{C84C4C13-1C88-4F20-AC4A-A6BB8C57FE0D}"
EndProject
Project("{FAE04EC0-301F-11D3-BF4B-00C04F79EFBC}") = "Order.API", "microservices\Order\Order.API\Order.API.csproj", "{450B11EA-2AA0-4920-AAC9-22FB3EDBBF21}"
EndProject
Project("{FAE04EC0-301F-11D3-BF4B-00C04F79EFBC}") = "Domain", "microservices\Order\Domain\Domain.csproj", "{B4D97AE8-3DA2-4135-B98A-3569ED9D8650}"
EndProject
Project("{FAE04EC0-301F-11D3-BF4B-00C04F79EFBC}") = "Application", "microservices\Order\Application\Application.csproj", "{692018CF-FFF2-4E90-B4AA-603CD81A4DDC}"
EndProject
Project("{FAE04EC0-301F-11D3-BF4B-00C04F79EFBC}") = "Infrastructure", "microservices\Order\Infrastructure\Infrastructure.csproj", "{930B9475-9366-4170-9942-952D2631AA31}"
EndProject
Project("{FAE04EC0-301F-11D3-BF4B-00C04F79EFBC}") = "BuildingBlocks.Messaging", "buildingBlocks\BuildingBlocks.Messaging\BuildingBlocks.Messaging.csproj", "{1F80CBD8-5CDE-44AB-9CED-F924A254F989}"
EndProject
Project("{2150E333-8FDC-42A3-9474-1A3956D46DE8}") = "AdminAuth", "AdminAuth", "{DFC1A5C7-AF36-4C54-9E44-374790D1F4C3}"
EndProject
Project("{FAE04EC0-301F-11D3-BF4B-00C04F79EFBC}") = "Admin.API", "microservices\AdminAuth\Admin.API\Admin.API.csproj", "{0BB4E71B-EE06-4EFB-B4CD-2AB6DAEE27A6}"
EndProject
Project("{FAE04EC0-301F-11D3-BF4B-00C04F79EFBC}") = "Domain", "microservices\AdminAuth\Domain\Domain.csproj", "{4E847EF8-562D-4D93-AE00-FABD867E17A2}"
EndProject
Project("{FAE04EC0-301F-11D3-BF4B-00C04F79EFBC}") = "Application", "microservices\AdminAuth\Application\Application.csproj", "{81D4B73B-9A00-4DB7-AE2D-05D064591C0E}"
EndProject
Project("{FAE04EC0-301F-11D3-BF4B-00C04F79EFBC}") = "Infrastructure", "microservices\AdminAuth\Infrastructure\Infrastructure.csproj", "{0EB49D86-A6B2-404A-8E36-CA134BB982D1}"
EndProject
Project("{2150E333-8FDC-42A3-9474-1A3956D46DE8}") = "CompanyPoints", "CompanyPoints", "{6EB82FCE-E089-428F-8B5E-5C18D8B8825A}"
EndProject
Project("{FAE04EC0-301F-11D3-BF4B-00C04F79EFBC}") = "Domain", "microservices\CompanyPoints\Domain\Domain.csproj", "{8048C7E2-3A8A-4934-A92A-DB17B2D82932}"
EndProject
Project("{FAE04EC0-301F-11D3-BF4B-00C04F79EFBC}") = "Application", "microservices\CompanyPoints\Application\Application.csproj", "{13C8B586-B93F-4BD5-BA34-BD98AE2E34F0}"
EndProject
Project("{FAE04EC0-301F-11D3-BF4B-00C04F79EFBC}") = "Infrastructure", "microservices\CompanyPoints\Infrastructure\Infrastructure.csproj", "{45032914-E96A-4C65-B954-9DCE5F87DBBE}"
EndProject
Project("{FAE04EC0-301F-11D3-BF4B-00C04F79EFBC}") = "CompanyPoints.API", "microservices\CompanyPoints\CompanyPoints.API\CompanyPoints.API.csproj", "{968DDA50-7F1A-4632-8BDA-99C6492546FC}"
EndProject
Project("{2150E333-8FDC-42A3-9474-1A3956D46DE8}") = "Email", "Email", "{BEDB0D0B-E02E-4AEF-ACC8-23D0D386E48C}"
EndProject
Project("{FAE04EC0-301F-11D3-BF4B-00C04F79EFBC}") = "Domain", "microservices\Email\Domain\Domain.csproj", "{BB4CF9CE-41A4-4527-A228-8D4C22792B6D}"
EndProject
Project("{FAE04EC0-301F-11D3-BF4B-00C04F79EFBC}") = "Infrastructure", "microservices\Email\Infrastructure\Infrastructure.csproj", "{6DAFD34C-A0E6-42D4-A442-A805011F7825}"
EndProject
Project("{FAE04EC0-301F-11D3-BF4B-00C04F79EFBC}") = "Application", "microservices\Email\Application\Application.csproj", "{0E468CC0-DA75-4BCD-8C53-9FF20E8CBD74}"
EndProject
Project("{FAE04EC0-301F-11D3-BF4B-00C04F79EFBC}") = "Email.API", "microservices\Email\Email.API\Email.API.csproj", "{697320E8-B26B-4DAB-97CA-91FA7D4202CC}"
EndProject
Project("{2150E333-8FDC-42A3-9474-1A3956D46DE8}") = "OrderHistory", "OrderHistory", "{5F897679-B71C-4BE6-B826-2AA06FAFC5F3}"
EndProject
Project("{FAE04EC0-301F-11D3-BF4B-00C04F79EFBC}") = "OrderHistory.API", "microservices\OrderHistory\OrderHistory.API\OrderHistory.API.csproj", "{4E88EC10-2957-4F42-BFE3-C48B1AA7FB22}"
EndProject
Project("{FAE04EC0-301F-11D3-BF4B-00C04F79EFBC}") = "Domain", "microservices\OrderHistory\Domain\Domain.csproj", "{63E4E8D5-E0C3-46D2-BFA0-5B2A71C40EE3}"
EndProject
Project("{FAE04EC0-301F-11D3-BF4B-00C04F79EFBC}") = "Application", "microservices\OrderHistory\Application\Application.csproj", "{DEE0EB33-6401-4A77-8955-DD09C90E7030}"
EndProject
Project("{FAE04EC0-301F-11D3-BF4B-00C04F79EFBC}") = "Infrastructure", "microservices\OrderHistory\Infrastructure\Infrastructure.csproj", "{39406D94-4370-4DF2-A8A0-6046B57EC4B9}"
EndProject
Project("{2150E333-8FDC-42A3-9474-1A3956D46DE8}") = "Chat", "Chat", "{BE0574B3-79F3-4D07-8761-D6BCE76C3F6F}"
EndProject
Project("{FAE04EC0-301F-11D3-BF4B-00C04F79EFBC}") = "Domain", "microservices\Chat\Domain\Domain.csproj", "{505B6C80-C7F8-4520-9C9F-A31D5DC4BD08}"
EndProject
Project("{FAE04EC0-301F-11D3-BF4B-00C04F79EFBC}") = "Application", "microservices\Chat\Application\Application.csproj", "{DDCB0997-A8DA-48B2-B190-1036DA3AF270}"
EndProject
Project("{FAE04EC0-301F-11D3-BF4B-00C04F79EFBC}") = "Infrastructure", "microservices\Chat\Infrastructure\Infrastructure.csproj", "{69B8F0B4-2D2E-4EEC-A95D-D79BF1C31021}"
EndProject
Project("{FAE04EC0-301F-11D3-BF4B-00C04F79EFBC}") = "Chat.API", "microservices\Chat\Chat.API\Chat.API.csproj", "{3266AC86-E199-408F-BF35-939F7BE13784}"
EndProject
Global
	GlobalSection(SolutionConfigurationPlatforms) = preSolution
		Debug|Any CPU = Debug|Any CPU
		Debug|x64 = Debug|x64
		Release|Any CPU = Release|Any CPU
		Release|x64 = Release|x64
	EndGlobalSection
	GlobalSection(ProjectConfigurationPlatforms) = postSolution
		{DCF06751-C7A3-4F6A-8A22-CFD9BBBE7F0C}.Debug|Any CPU.ActiveCfg = Debug|Any CPU
		{DCF06751-C7A3-4F6A-8A22-CFD9BBBE7F0C}.Debug|Any CPU.Build.0 = Debug|Any CPU
		{DCF06751-C7A3-4F6A-8A22-CFD9BBBE7F0C}.Debug|x64.ActiveCfg = Debug|Any CPU
		{DCF06751-C7A3-4F6A-8A22-CFD9BBBE7F0C}.Debug|x64.Build.0 = Debug|Any CPU
		{DCF06751-C7A3-4F6A-8A22-CFD9BBBE7F0C}.Release|Any CPU.ActiveCfg = Release|Any CPU
		{DCF06751-C7A3-4F6A-8A22-CFD9BBBE7F0C}.Release|Any CPU.Build.0 = Release|Any CPU
		{DCF06751-C7A3-4F6A-8A22-CFD9BBBE7F0C}.Release|x64.ActiveCfg = Release|Any CPU
		{DCF06751-C7A3-4F6A-8A22-CFD9BBBE7F0C}.Release|x64.Build.0 = Release|Any CPU
		{366FBAA2-E985-4AA5-BC64-FFA6294D1D9F}.Debug|Any CPU.ActiveCfg = Debug|Any CPU
		{366FBAA2-E985-4AA5-BC64-FFA6294D1D9F}.Debug|Any CPU.Build.0 = Debug|Any CPU
		{366FBAA2-E985-4AA5-BC64-FFA6294D1D9F}.Debug|x64.ActiveCfg = Debug|Any CPU
		{366FBAA2-E985-4AA5-BC64-FFA6294D1D9F}.Debug|x64.Build.0 = Debug|Any CPU
		{366FBAA2-E985-4AA5-BC64-FFA6294D1D9F}.Release|Any CPU.ActiveCfg = Release|Any CPU
		{366FBAA2-E985-4AA5-BC64-FFA6294D1D9F}.Release|Any CPU.Build.0 = Release|Any CPU
		{366FBAA2-E985-4AA5-BC64-FFA6294D1D9F}.Release|x64.ActiveCfg = Release|Any CPU
		{366FBAA2-E985-4AA5-BC64-FFA6294D1D9F}.Release|x64.Build.0 = Release|Any CPU
		{5913326C-228C-4C58-B53F-E37A3B062364}.Debug|Any CPU.ActiveCfg = Debug|Any CPU
		{5913326C-228C-4C58-B53F-E37A3B062364}.Debug|Any CPU.Build.0 = Debug|Any CPU
		{5913326C-228C-4C58-B53F-E37A3B062364}.Debug|x64.ActiveCfg = Debug|Any CPU
		{5913326C-228C-4C58-B53F-E37A3B062364}.Debug|x64.Build.0 = Debug|Any CPU
		{5913326C-228C-4C58-B53F-E37A3B062364}.Release|Any CPU.ActiveCfg = Release|Any CPU
		{5913326C-228C-4C58-B53F-E37A3B062364}.Release|Any CPU.Build.0 = Release|Any CPU
		{5913326C-228C-4C58-B53F-E37A3B062364}.Release|x64.ActiveCfg = Release|Any CPU
		{5913326C-228C-4C58-B53F-E37A3B062364}.Release|x64.Build.0 = Release|Any CPU
		{85BC7DFF-8C6D-4EEE-BA3F-325B6B20A845}.Debug|Any CPU.ActiveCfg = Debug|Any CPU
		{85BC7DFF-8C6D-4EEE-BA3F-325B6B20A845}.Debug|Any CPU.Build.0 = Debug|Any CPU
		{85BC7DFF-8C6D-4EEE-BA3F-325B6B20A845}.Debug|x64.ActiveCfg = Debug|Any CPU
		{85BC7DFF-8C6D-4EEE-BA3F-325B6B20A845}.Debug|x64.Build.0 = Debug|Any CPU
		{85BC7DFF-8C6D-4EEE-BA3F-325B6B20A845}.Release|Any CPU.ActiveCfg = Release|Any CPU
		{85BC7DFF-8C6D-4EEE-BA3F-325B6B20A845}.Release|Any CPU.Build.0 = Release|Any CPU
		{85BC7DFF-8C6D-4EEE-BA3F-325B6B20A845}.Release|x64.ActiveCfg = Release|Any CPU
		{85BC7DFF-8C6D-4EEE-BA3F-325B6B20A845}.Release|x64.Build.0 = Release|Any CPU
		{1CD4A4DA-3234-4CB5-AA8D-39AD58A62896}.Debug|Any CPU.ActiveCfg = Debug|Any CPU
		{1CD4A4DA-3234-4CB5-AA8D-39AD58A62896}.Debug|Any CPU.Build.0 = Debug|Any CPU
		{1CD4A4DA-3234-4CB5-AA8D-39AD58A62896}.Debug|x64.ActiveCfg = Debug|Any CPU
		{1CD4A4DA-3234-4CB5-AA8D-39AD58A62896}.Debug|x64.Build.0 = Debug|Any CPU
		{1CD4A4DA-3234-4CB5-AA8D-39AD58A62896}.Release|Any CPU.ActiveCfg = Release|Any CPU
		{1CD4A4DA-3234-4CB5-AA8D-39AD58A62896}.Release|Any CPU.Build.0 = Release|Any CPU
		{1CD4A4DA-3234-4CB5-AA8D-39AD58A62896}.Release|x64.ActiveCfg = Release|Any CPU
		{1CD4A4DA-3234-4CB5-AA8D-39AD58A62896}.Release|x64.Build.0 = Release|Any CPU
		{81DDED9D-158B-E303-5F62-77A2896D2A5A}.Debug|Any CPU.ActiveCfg = Debug|Any CPU
		{81DDED9D-158B-E303-5F62-77A2896D2A5A}.Debug|Any CPU.Build.0 = Debug|Any CPU
		{81DDED9D-158B-E303-5F62-77A2896D2A5A}.Debug|x64.ActiveCfg = Debug|Any CPU
		{81DDED9D-158B-E303-5F62-77A2896D2A5A}.Debug|x64.Build.0 = Debug|Any CPU
		{81DDED9D-158B-E303-5F62-77A2896D2A5A}.Release|Any CPU.ActiveCfg = Release|Any CPU
		{81DDED9D-158B-E303-5F62-77A2896D2A5A}.Release|Any CPU.Build.0 = Release|Any CPU
		{81DDED9D-158B-E303-5F62-77A2896D2A5A}.Release|x64.ActiveCfg = Release|Any CPU
		{81DDED9D-158B-E303-5F62-77A2896D2A5A}.Release|x64.Build.0 = Release|Any CPU
		{0DA9FE12-8145-4D1A-A089-102F1EF18EBD}.Debug|Any CPU.ActiveCfg = Debug|Any CPU
		{0DA9FE12-8145-4D1A-A089-102F1EF18EBD}.Debug|Any CPU.Build.0 = Debug|Any CPU
		{0DA9FE12-8145-4D1A-A089-102F1EF18EBD}.Debug|x64.ActiveCfg = Debug|Any CPU
		{0DA9FE12-8145-4D1A-A089-102F1EF18EBD}.Debug|x64.Build.0 = Debug|Any CPU
		{0DA9FE12-8145-4D1A-A089-102F1EF18EBD}.Release|Any CPU.ActiveCfg = Release|Any CPU
		{0DA9FE12-8145-4D1A-A089-102F1EF18EBD}.Release|Any CPU.Build.0 = Release|Any CPU
		{0DA9FE12-8145-4D1A-A089-102F1EF18EBD}.Release|x64.ActiveCfg = Release|Any CPU
		{0DA9FE12-8145-4D1A-A089-102F1EF18EBD}.Release|x64.Build.0 = Release|Any CPU
		{450B11EA-2AA0-4920-AAC9-22FB3EDBBF21}.Debug|Any CPU.ActiveCfg = Debug|Any CPU
		{450B11EA-2AA0-4920-AAC9-22FB3EDBBF21}.Debug|Any CPU.Build.0 = Debug|Any CPU
		{450B11EA-2AA0-4920-AAC9-22FB3EDBBF21}.Debug|x64.ActiveCfg = Debug|Any CPU
		{450B11EA-2AA0-4920-AAC9-22FB3EDBBF21}.Debug|x64.Build.0 = Debug|Any CPU
		{450B11EA-2AA0-4920-AAC9-22FB3EDBBF21}.Release|Any CPU.ActiveCfg = Release|Any CPU
		{450B11EA-2AA0-4920-AAC9-22FB3EDBBF21}.Release|Any CPU.Build.0 = Release|Any CPU
		{450B11EA-2AA0-4920-AAC9-22FB3EDBBF21}.Release|x64.ActiveCfg = Release|Any CPU
		{450B11EA-2AA0-4920-AAC9-22FB3EDBBF21}.Release|x64.Build.0 = Release|Any CPU
		{B4D97AE8-3DA2-4135-B98A-3569ED9D8650}.Debug|Any CPU.ActiveCfg = Debug|Any CPU
		{B4D97AE8-3DA2-4135-B98A-3569ED9D8650}.Debug|Any CPU.Build.0 = Debug|Any CPU
		{B4D97AE8-3DA2-4135-B98A-3569ED9D8650}.Debug|x64.ActiveCfg = Debug|Any CPU
		{B4D97AE8-3DA2-4135-B98A-3569ED9D8650}.Debug|x64.Build.0 = Debug|Any CPU
		{B4D97AE8-3DA2-4135-B98A-3569ED9D8650}.Release|Any CPU.ActiveCfg = Release|Any CPU
		{B4D97AE8-3DA2-4135-B98A-3569ED9D8650}.Release|Any CPU.Build.0 = Release|Any CPU
		{B4D97AE8-3DA2-4135-B98A-3569ED9D8650}.Release|x64.ActiveCfg = Release|Any CPU
		{B4D97AE8-3DA2-4135-B98A-3569ED9D8650}.Release|x64.Build.0 = Release|Any CPU
		{692018CF-FFF2-4E90-B4AA-603CD81A4DDC}.Debug|Any CPU.ActiveCfg = Debug|Any CPU
		{692018CF-FFF2-4E90-B4AA-603CD81A4DDC}.Debug|Any CPU.Build.0 = Debug|Any CPU
		{692018CF-FFF2-4E90-B4AA-603CD81A4DDC}.Debug|x64.ActiveCfg = Debug|Any CPU
		{692018CF-FFF2-4E90-B4AA-603CD81A4DDC}.Debug|x64.Build.0 = Debug|Any CPU
		{692018CF-FFF2-4E90-B4AA-603CD81A4DDC}.Release|Any CPU.ActiveCfg = Release|Any CPU
		{692018CF-FFF2-4E90-B4AA-603CD81A4DDC}.Release|Any CPU.Build.0 = Release|Any CPU
		{692018CF-FFF2-4E90-B4AA-603CD81A4DDC}.Release|x64.ActiveCfg = Release|Any CPU
		{692018CF-FFF2-4E90-B4AA-603CD81A4DDC}.Release|x64.Build.0 = Release|Any CPU
		{930B9475-9366-4170-9942-952D2631AA31}.Debug|Any CPU.ActiveCfg = Debug|Any CPU
		{930B9475-9366-4170-9942-952D2631AA31}.Debug|Any CPU.Build.0 = Debug|Any CPU
		{930B9475-9366-4170-9942-952D2631AA31}.Debug|x64.ActiveCfg = Debug|Any CPU
		{930B9475-9366-4170-9942-952D2631AA31}.Debug|x64.Build.0 = Debug|Any CPU
		{930B9475-9366-4170-9942-952D2631AA31}.Release|Any CPU.ActiveCfg = Release|Any CPU
		{930B9475-9366-4170-9942-952D2631AA31}.Release|Any CPU.Build.0 = Release|Any CPU
		{930B9475-9366-4170-9942-952D2631AA31}.Release|x64.ActiveCfg = Release|Any CPU
		{930B9475-9366-4170-9942-952D2631AA31}.Release|x64.Build.0 = Release|Any CPU
		{1F80CBD8-5CDE-44AB-9CED-F924A254F989}.Debug|Any CPU.ActiveCfg = Debug|Any CPU
		{1F80CBD8-5CDE-44AB-9CED-F924A254F989}.Debug|Any CPU.Build.0 = Debug|Any CPU
		{1F80CBD8-5CDE-44AB-9CED-F924A254F989}.Debug|x64.ActiveCfg = Debug|Any CPU
		{1F80CBD8-5CDE-44AB-9CED-F924A254F989}.Debug|x64.Build.0 = Debug|Any CPU
		{1F80CBD8-5CDE-44AB-9CED-F924A254F989}.Release|Any CPU.ActiveCfg = Release|Any CPU
		{1F80CBD8-5CDE-44AB-9CED-F924A254F989}.Release|Any CPU.Build.0 = Release|Any CPU
		{1F80CBD8-5CDE-44AB-9CED-F924A254F989}.Release|x64.ActiveCfg = Release|Any CPU
		{1F80CBD8-5CDE-44AB-9CED-F924A254F989}.Release|x64.Build.0 = Release|Any CPU
		{0BB4E71B-EE06-4EFB-B4CD-2AB6DAEE27A6}.Debug|Any CPU.ActiveCfg = Debug|Any CPU
		{0BB4E71B-EE06-4EFB-B4CD-2AB6DAEE27A6}.Debug|Any CPU.Build.0 = Debug|Any CPU
		{0BB4E71B-EE06-4EFB-B4CD-2AB6DAEE27A6}.Debug|x64.ActiveCfg = Debug|Any CPU
		{0BB4E71B-EE06-4EFB-B4CD-2AB6DAEE27A6}.Debug|x64.Build.0 = Debug|Any CPU
		{0BB4E71B-EE06-4EFB-B4CD-2AB6DAEE27A6}.Release|Any CPU.ActiveCfg = Release|Any CPU
		{0BB4E71B-EE06-4EFB-B4CD-2AB6DAEE27A6}.Release|Any CPU.Build.0 = Release|Any CPU
		{0BB4E71B-EE06-4EFB-B4CD-2AB6DAEE27A6}.Release|x64.ActiveCfg = Release|Any CPU
		{0BB4E71B-EE06-4EFB-B4CD-2AB6DAEE27A6}.Release|x64.Build.0 = Release|Any CPU
		{4E847EF8-562D-4D93-AE00-FABD867E17A2}.Debug|Any CPU.ActiveCfg = Debug|Any CPU
		{4E847EF8-562D-4D93-AE00-FABD867E17A2}.Debug|Any CPU.Build.0 = Debug|Any CPU
		{4E847EF8-562D-4D93-AE00-FABD867E17A2}.Debug|x64.ActiveCfg = Debug|Any CPU
		{4E847EF8-562D-4D93-AE00-FABD867E17A2}.Debug|x64.Build.0 = Debug|Any CPU
		{4E847EF8-562D-4D93-AE00-FABD867E17A2}.Release|Any CPU.ActiveCfg = Release|Any CPU
		{4E847EF8-562D-4D93-AE00-FABD867E17A2}.Release|Any CPU.Build.0 = Release|Any CPU
		{4E847EF8-562D-4D93-AE00-FABD867E17A2}.Release|x64.ActiveCfg = Release|Any CPU
		{4E847EF8-562D-4D93-AE00-FABD867E17A2}.Release|x64.Build.0 = Release|Any CPU
		{81D4B73B-9A00-4DB7-AE2D-05D064591C0E}.Debug|Any CPU.ActiveCfg = Debug|Any CPU
		{81D4B73B-9A00-4DB7-AE2D-05D064591C0E}.Debug|Any CPU.Build.0 = Debug|Any CPU
		{81D4B73B-9A00-4DB7-AE2D-05D064591C0E}.Debug|x64.ActiveCfg = Debug|Any CPU
		{81D4B73B-9A00-4DB7-AE2D-05D064591C0E}.Debug|x64.Build.0 = Debug|Any CPU
		{81D4B73B-9A00-4DB7-AE2D-05D064591C0E}.Release|Any CPU.ActiveCfg = Release|Any CPU
		{81D4B73B-9A00-4DB7-AE2D-05D064591C0E}.Release|Any CPU.Build.0 = Release|Any CPU
		{81D4B73B-9A00-4DB7-AE2D-05D064591C0E}.Release|x64.ActiveCfg = Release|Any CPU
		{81D4B73B-9A00-4DB7-AE2D-05D064591C0E}.Release|x64.Build.0 = Release|Any CPU
		{0EB49D86-A6B2-404A-8E36-CA134BB982D1}.Debug|Any CPU.ActiveCfg = Debug|Any CPU
		{0EB49D86-A6B2-404A-8E36-CA134BB982D1}.Debug|Any CPU.Build.0 = Debug|Any CPU
		{0EB49D86-A6B2-404A-8E36-CA134BB982D1}.Debug|x64.ActiveCfg = Debug|Any CPU
		{0EB49D86-A6B2-404A-8E36-CA134BB982D1}.Debug|x64.Build.0 = Debug|Any CPU
		{0EB49D86-A6B2-404A-8E36-CA134BB982D1}.Release|Any CPU.ActiveCfg = Release|Any CPU
		{0EB49D86-A6B2-404A-8E36-CA134BB982D1}.Release|Any CPU.Build.0 = Release|Any CPU
		{0EB49D86-A6B2-404A-8E36-CA134BB982D1}.Release|x64.ActiveCfg = Release|Any CPU
		{0EB49D86-A6B2-404A-8E36-CA134BB982D1}.Release|x64.Build.0 = Release|Any CPU
		{8048C7E2-3A8A-4934-A92A-DB17B2D82932}.Debug|Any CPU.ActiveCfg = Debug|Any CPU
		{8048C7E2-3A8A-4934-A92A-DB17B2D82932}.Debug|Any CPU.Build.0 = Debug|Any CPU
		{8048C7E2-3A8A-4934-A92A-DB17B2D82932}.Debug|x64.ActiveCfg = Debug|Any CPU
		{8048C7E2-3A8A-4934-A92A-DB17B2D82932}.Debug|x64.Build.0 = Debug|Any CPU
		{8048C7E2-3A8A-4934-A92A-DB17B2D82932}.Release|Any CPU.ActiveCfg = Release|Any CPU
		{8048C7E2-3A8A-4934-A92A-DB17B2D82932}.Release|Any CPU.Build.0 = Release|Any CPU
		{8048C7E2-3A8A-4934-A92A-DB17B2D82932}.Release|x64.ActiveCfg = Release|Any CPU
		{8048C7E2-3A8A-4934-A92A-DB17B2D82932}.Release|x64.Build.0 = Release|Any CPU
		{13C8B586-B93F-4BD5-BA34-BD98AE2E34F0}.Debug|Any CPU.ActiveCfg = Debug|Any CPU
		{13C8B586-B93F-4BD5-BA34-BD98AE2E34F0}.Debug|Any CPU.Build.0 = Debug|Any CPU
		{13C8B586-B93F-4BD5-BA34-BD98AE2E34F0}.Debug|x64.ActiveCfg = Debug|Any CPU
		{13C8B586-B93F-4BD5-BA34-BD98AE2E34F0}.Debug|x64.Build.0 = Debug|Any CPU
		{13C8B586-B93F-4BD5-BA34-BD98AE2E34F0}.Release|Any CPU.ActiveCfg = Release|Any CPU
		{13C8B586-B93F-4BD5-BA34-BD98AE2E34F0}.Release|Any CPU.Build.0 = Release|Any CPU
		{13C8B586-B93F-4BD5-BA34-BD98AE2E34F0}.Release|x64.ActiveCfg = Release|Any CPU
		{13C8B586-B93F-4BD5-BA34-BD98AE2E34F0}.Release|x64.Build.0 = Release|Any CPU
		{45032914-E96A-4C65-B954-9DCE5F87DBBE}.Debug|Any CPU.ActiveCfg = Debug|Any CPU
		{45032914-E96A-4C65-B954-9DCE5F87DBBE}.Debug|Any CPU.Build.0 = Debug|Any CPU
		{45032914-E96A-4C65-B954-9DCE5F87DBBE}.Debug|x64.ActiveCfg = Debug|Any CPU
		{45032914-E96A-4C65-B954-9DCE5F87DBBE}.Debug|x64.Build.0 = Debug|Any CPU
		{45032914-E96A-4C65-B954-9DCE5F87DBBE}.Release|Any CPU.ActiveCfg = Release|Any CPU
		{45032914-E96A-4C65-B954-9DCE5F87DBBE}.Release|Any CPU.Build.0 = Release|Any CPU
		{45032914-E96A-4C65-B954-9DCE5F87DBBE}.Release|x64.ActiveCfg = Release|Any CPU
		{45032914-E96A-4C65-B954-9DCE5F87DBBE}.Release|x64.Build.0 = Release|Any CPU
		{968DDA50-7F1A-4632-8BDA-99C6492546FC}.Debug|Any CPU.ActiveCfg = Debug|Any CPU
		{968DDA50-7F1A-4632-8BDA-99C6492546FC}.Debug|Any CPU.Build.0 = Debug|Any CPU
		{968DDA50-7F1A-4632-8BDA-99C6492546FC}.Debug|x64.ActiveCfg = Debug|Any CPU
		{968DDA50-7F1A-4632-8BDA-99C6492546FC}.Debug|x64.Build.0 = Debug|Any CPU
		{968DDA50-7F1A-4632-8BDA-99C6492546FC}.Release|Any CPU.ActiveCfg = Release|Any CPU
		{968DDA50-7F1A-4632-8BDA-99C6492546FC}.Release|Any CPU.Build.0 = Release|Any CPU
		{968DDA50-7F1A-4632-8BDA-99C6492546FC}.Release|x64.ActiveCfg = Release|Any CPU
		{968DDA50-7F1A-4632-8BDA-99C6492546FC}.Release|x64.Build.0 = Release|Any CPU
		{BB4CF9CE-41A4-4527-A228-8D4C22792B6D}.Debug|Any CPU.ActiveCfg = Debug|Any CPU
		{BB4CF9CE-41A4-4527-A228-8D4C22792B6D}.Debug|Any CPU.Build.0 = Debug|Any CPU
		{BB4CF9CE-41A4-4527-A228-8D4C22792B6D}.Debug|x64.ActiveCfg = Debug|Any CPU
		{BB4CF9CE-41A4-4527-A228-8D4C22792B6D}.Debug|x64.Build.0 = Debug|Any CPU
		{BB4CF9CE-41A4-4527-A228-8D4C22792B6D}.Release|Any CPU.ActiveCfg = Release|Any CPU
		{BB4CF9CE-41A4-4527-A228-8D4C22792B6D}.Release|Any CPU.Build.0 = Release|Any CPU
		{BB4CF9CE-41A4-4527-A228-8D4C22792B6D}.Release|x64.ActiveCfg = Release|Any CPU
		{BB4CF9CE-41A4-4527-A228-8D4C22792B6D}.Release|x64.Build.0 = Release|Any CPU
		{6DAFD34C-A0E6-42D4-A442-A805011F7825}.Debug|Any CPU.ActiveCfg = Debug|Any CPU
		{6DAFD34C-A0E6-42D4-A442-A805011F7825}.Debug|Any CPU.Build.0 = Debug|Any CPU
		{6DAFD34C-A0E6-42D4-A442-A805011F7825}.Debug|x64.ActiveCfg = Debug|Any CPU
		{6DAFD34C-A0E6-42D4-A442-A805011F7825}.Debug|x64.Build.0 = Debug|Any CPU
		{6DAFD34C-A0E6-42D4-A442-A805011F7825}.Release|Any CPU.ActiveCfg = Release|Any CPU
		{6DAFD34C-A0E6-42D4-A442-A805011F7825}.Release|Any CPU.Build.0 = Release|Any CPU
		{6DAFD34C-A0E6-42D4-A442-A805011F7825}.Release|x64.ActiveCfg = Release|Any CPU
		{6DAFD34C-A0E6-42D4-A442-A805011F7825}.Release|x64.Build.0 = Release|Any CPU
		{0E468CC0-DA75-4BCD-8C53-9FF20E8CBD74}.Debug|Any CPU.ActiveCfg = Debug|Any CPU
		{0E468CC0-DA75-4BCD-8C53-9FF20E8CBD74}.Debug|Any CPU.Build.0 = Debug|Any CPU
		{0E468CC0-DA75-4BCD-8C53-9FF20E8CBD74}.Debug|x64.ActiveCfg = Debug|Any CPU
		{0E468CC0-DA75-4BCD-8C53-9FF20E8CBD74}.Debug|x64.Build.0 = Debug|Any CPU
		{0E468CC0-DA75-4BCD-8C53-9FF20E8CBD74}.Release|Any CPU.ActiveCfg = Release|Any CPU
		{0E468CC0-DA75-4BCD-8C53-9FF20E8CBD74}.Release|Any CPU.Build.0 = Release|Any CPU
		{0E468CC0-DA75-4BCD-8C53-9FF20E8CBD74}.Release|x64.ActiveCfg = Release|Any CPU
		{0E468CC0-DA75-4BCD-8C53-9FF20E8CBD74}.Release|x64.Build.0 = Release|Any CPU
		{697320E8-B26B-4DAB-97CA-91FA7D4202CC}.Debug|Any CPU.ActiveCfg = Debug|Any CPU
		{697320E8-B26B-4DAB-97CA-91FA7D4202CC}.Debug|Any CPU.Build.0 = Debug|Any CPU
		{697320E8-B26B-4DAB-97CA-91FA7D4202CC}.Debug|x64.ActiveCfg = Debug|Any CPU
		{697320E8-B26B-4DAB-97CA-91FA7D4202CC}.Debug|x64.Build.0 = Debug|Any CPU
		{697320E8-B26B-4DAB-97CA-91FA7D4202CC}.Release|Any CPU.ActiveCfg = Release|Any CPU
		{697320E8-B26B-4DAB-97CA-91FA7D4202CC}.Release|Any CPU.Build.0 = Release|Any CPU
		{697320E8-B26B-4DAB-97CA-91FA7D4202CC}.Release|x64.ActiveCfg = Release|Any CPU
		{697320E8-B26B-4DAB-97CA-91FA7D4202CC}.Release|x64.Build.0 = Release|Any CPU
		{4E88EC10-2957-4F42-BFE3-C48B1AA7FB22}.Debug|Any CPU.ActiveCfg = Debug|Any CPU
		{4E88EC10-2957-4F42-BFE3-C48B1AA7FB22}.Debug|Any CPU.Build.0 = Debug|Any CPU
		{4E88EC10-2957-4F42-BFE3-C48B1AA7FB22}.Debug|x64.ActiveCfg = Debug|Any CPU
		{4E88EC10-2957-4F42-BFE3-C48B1AA7FB22}.Debug|x64.Build.0 = Debug|Any CPU
		{4E88EC10-2957-4F42-BFE3-C48B1AA7FB22}.Release|Any CPU.ActiveCfg = Release|Any CPU
		{4E88EC10-2957-4F42-BFE3-C48B1AA7FB22}.Release|Any CPU.Build.0 = Release|Any CPU
		{4E88EC10-2957-4F42-BFE3-C48B1AA7FB22}.Release|x64.ActiveCfg = Release|Any CPU
		{4E88EC10-2957-4F42-BFE3-C48B1AA7FB22}.Release|x64.Build.0 = Release|Any CPU
		{63E4E8D5-E0C3-46D2-BFA0-5B2A71C40EE3}.Debug|Any CPU.ActiveCfg = Debug|Any CPU
		{63E4E8D5-E0C3-46D2-BFA0-5B2A71C40EE3}.Debug|Any CPU.Build.0 = Debug|Any CPU
		{63E4E8D5-E0C3-46D2-BFA0-5B2A71C40EE3}.Debug|x64.ActiveCfg = Debug|Any CPU
		{63E4E8D5-E0C3-46D2-BFA0-5B2A71C40EE3}.Debug|x64.Build.0 = Debug|Any CPU
		{63E4E8D5-E0C3-46D2-BFA0-5B2A71C40EE3}.Release|Any CPU.ActiveCfg = Release|Any CPU
		{63E4E8D5-E0C3-46D2-BFA0-5B2A71C40EE3}.Release|Any CPU.Build.0 = Release|Any CPU
		{63E4E8D5-E0C3-46D2-BFA0-5B2A71C40EE3}.Release|x64.ActiveCfg = Release|Any CPU
		{63E4E8D5-E0C3-46D2-BFA0-5B2A71C40EE3}.Release|x64.Build.0 = Release|Any CPU
		{DEE0EB33-6401-4A77-8955-DD09C90E7030}.Debug|Any CPU.ActiveCfg = Debug|Any CPU
		{DEE0EB33-6401-4A77-8955-DD09C90E7030}.Debug|Any CPU.Build.0 = Debug|Any CPU
		{DEE0EB33-6401-4A77-8955-DD09C90E7030}.Debug|x64.ActiveCfg = Debug|Any CPU
		{DEE0EB33-6401-4A77-8955-DD09C90E7030}.Debug|x64.Build.0 = Debug|Any CPU
		{DEE0EB33-6401-4A77-8955-DD09C90E7030}.Release|Any CPU.ActiveCfg = Release|Any CPU
		{DEE0EB33-6401-4A77-8955-DD09C90E7030}.Release|Any CPU.Build.0 = Release|Any CPU
		{DEE0EB33-6401-4A77-8955-DD09C90E7030}.Release|x64.ActiveCfg = Release|Any CPU
		{DEE0EB33-6401-4A77-8955-DD09C90E7030}.Release|x64.Build.0 = Release|Any CPU
		{39406D94-4370-4DF2-A8A0-6046B57EC4B9}.Debug|Any CPU.ActiveCfg = Debug|Any CPU
		{39406D94-4370-4DF2-A8A0-6046B57EC4B9}.Debug|Any CPU.Build.0 = Debug|Any CPU
		{39406D94-4370-4DF2-A8A0-6046B57EC4B9}.Debug|x64.ActiveCfg = Debug|Any CPU
		{39406D94-4370-4DF2-A8A0-6046B57EC4B9}.Debug|x64.Build.0 = Debug|Any CPU
		{39406D94-4370-4DF2-A8A0-6046B57EC4B9}.Release|Any CPU.ActiveCfg = Release|Any CPU
		{39406D94-4370-4DF2-A8A0-6046B57EC4B9}.Release|Any CPU.Build.0 = Release|Any CPU
		{39406D94-4370-4DF2-A8A0-6046B57EC4B9}.Release|x64.ActiveCfg = Release|Any CPU
		{39406D94-4370-4DF2-A8A0-6046B57EC4B9}.Release|x64.Build.0 = Release|Any CPU
		{505B6C80-C7F8-4520-9C9F-A31D5DC4BD08}.Debug|Any CPU.ActiveCfg = Debug|Any CPU
		{505B6C80-C7F8-4520-9C9F-A31D5DC4BD08}.Debug|Any CPU.Build.0 = Debug|Any CPU
		{505B6C80-C7F8-4520-9C9F-A31D5DC4BD08}.Debug|x64.ActiveCfg = Debug|Any CPU
		{505B6C80-C7F8-4520-9C9F-A31D5DC4BD08}.Debug|x64.Build.0 = Debug|Any CPU
		{505B6C80-C7F8-4520-9C9F-A31D5DC4BD08}.Release|Any CPU.ActiveCfg = Release|Any CPU
		{505B6C80-C7F8-4520-9C9F-A31D5DC4BD08}.Release|Any CPU.Build.0 = Release|Any CPU
		{505B6C80-C7F8-4520-9C9F-A31D5DC4BD08}.Release|x64.ActiveCfg = Release|Any CPU
		{505B6C80-C7F8-4520-9C9F-A31D5DC4BD08}.Release|x64.Build.0 = Release|Any CPU
		{DDCB0997-A8DA-48B2-B190-1036DA3AF270}.Debug|Any CPU.ActiveCfg = Debug|Any CPU
		{DDCB0997-A8DA-48B2-B190-1036DA3AF270}.Debug|Any CPU.Build.0 = Debug|Any CPU
		{DDCB0997-A8DA-48B2-B190-1036DA3AF270}.Debug|x64.ActiveCfg = Debug|Any CPU
		{DDCB0997-A8DA-48B2-B190-1036DA3AF270}.Debug|x64.Build.0 = Debug|Any CPU
		{DDCB0997-A8DA-48B2-B190-1036DA3AF270}.Release|Any CPU.ActiveCfg = Release|Any CPU
		{DDCB0997-A8DA-48B2-B190-1036DA3AF270}.Release|Any CPU.Build.0 = Release|Any CPU
		{DDCB0997-A8DA-48B2-B190-1036DA3AF270}.Release|x64.ActiveCfg = Release|Any CPU
		{DDCB0997-A8DA-48B2-B190-1036DA3AF270}.Release|x64.Build.0 = Release|Any CPU
		{69B8F0B4-2D2E-4EEC-A95D-D79BF1C31021}.Debug|Any CPU.ActiveCfg = Debug|Any CPU
		{69B8F0B4-2D2E-4EEC-A95D-D79BF1C31021}.Debug|Any CPU.Build.0 = Debug|Any CPU
		{69B8F0B4-2D2E-4EEC-A95D-D79BF1C31021}.Debug|x64.ActiveCfg = Debug|Any CPU
		{69B8F0B4-2D2E-4EEC-A95D-D79BF1C31021}.Debug|x64.Build.0 = Debug|Any CPU
		{69B8F0B4-2D2E-4EEC-A95D-D79BF1C31021}.Release|Any CPU.ActiveCfg = Release|Any CPU
		{69B8F0B4-2D2E-4EEC-A95D-D79BF1C31021}.Release|Any CPU.Build.0 = Release|Any CPU
		{69B8F0B4-2D2E-4EEC-A95D-D79BF1C31021}.Release|x64.ActiveCfg = Release|Any CPU
		{69B8F0B4-2D2E-4EEC-A95D-D79BF1C31021}.Release|x64.Build.0 = Release|Any CPU
		{3266AC86-E199-408F-BF35-939F7BE13784}.Debug|Any CPU.ActiveCfg = Debug|Any CPU
		{3266AC86-E199-408F-BF35-939F7BE13784}.Debug|Any CPU.Build.0 = Debug|Any CPU
		{3266AC86-E199-408F-BF35-939F7BE13784}.Debug|x64.ActiveCfg = Debug|Any CPU
		{3266AC86-E199-408F-BF35-939F7BE13784}.Debug|x64.Build.0 = Debug|Any CPU
		{3266AC86-E199-408F-BF35-939F7BE13784}.Release|Any CPU.ActiveCfg = Release|Any CPU
		{3266AC86-E199-408F-BF35-939F7BE13784}.Release|Any CPU.Build.0 = Release|Any CPU
		{3266AC86-E199-408F-BF35-939F7BE13784}.Release|x64.ActiveCfg = Release|Any CPU
		{3266AC86-E199-408F-BF35-939F7BE13784}.Release|x64.Build.0 = Release|Any CPU
	EndGlobalSection
	GlobalSection(SolutionProperties) = preSolution
		HideSolutionNode = FALSE
	EndGlobalSection
	GlobalSection(NestedProjects) = preSolution
		{F418AE2B-464E-4C74-A1A4-48E34260984E} = {E9EA6B79-2935-414F-985F-BDEF631BB55E}
		{DCF06751-C7A3-4F6A-8A22-CFD9BBBE7F0C} = {F418AE2B-464E-4C74-A1A4-48E34260984E}
		{366FBAA2-E985-4AA5-BC64-FFA6294D1D9F} = {F418AE2B-464E-4C74-A1A4-48E34260984E}
		{5913326C-228C-4C58-B53F-E37A3B062364} = {F418AE2B-464E-4C74-A1A4-48E34260984E}
		{85BC7DFF-8C6D-4EEE-BA3F-325B6B20A845} = {F418AE2B-464E-4C74-A1A4-48E34260984E}
		{1CD4A4DA-3234-4CB5-AA8D-39AD58A62896} = {36D591C7-65C7-A0D1-1CBC-10CDE441BDC8}
		{0DA9FE12-8145-4D1A-A089-102F1EF18EBD} = {5709AC3C-F23B-4AEE-8BF1-3BAF09BF9F21}
		{C84C4C13-1C88-4F20-AC4A-A6BB8C57FE0D} = {E9EA6B79-2935-414F-985F-BDEF631BB55E}
		{450B11EA-2AA0-4920-AAC9-22FB3EDBBF21} = {C84C4C13-1C88-4F20-AC4A-A6BB8C57FE0D}
		{B4D97AE8-3DA2-4135-B98A-3569ED9D8650} = {C84C4C13-1C88-4F20-AC4A-A6BB8C57FE0D}
		{692018CF-FFF2-4E90-B4AA-603CD81A4DDC} = {C84C4C13-1C88-4F20-AC4A-A6BB8C57FE0D}
		{930B9475-9366-4170-9942-952D2631AA31} = {C84C4C13-1C88-4F20-AC4A-A6BB8C57FE0D}
		{1F80CBD8-5CDE-44AB-9CED-F924A254F989} = {5709AC3C-F23B-4AEE-8BF1-3BAF09BF9F21}
		{DFC1A5C7-AF36-4C54-9E44-374790D1F4C3} = {E9EA6B79-2935-414F-985F-BDEF631BB55E}
		{0BB4E71B-EE06-4EFB-B4CD-2AB6DAEE27A6} = {DFC1A5C7-AF36-4C54-9E44-374790D1F4C3}
		{4E847EF8-562D-4D93-AE00-FABD867E17A2} = {DFC1A5C7-AF36-4C54-9E44-374790D1F4C3}
		{81D4B73B-9A00-4DB7-AE2D-05D064591C0E} = {DFC1A5C7-AF36-4C54-9E44-374790D1F4C3}
		{0EB49D86-A6B2-404A-8E36-CA134BB982D1} = {DFC1A5C7-AF36-4C54-9E44-374790D1F4C3}
		{6EB82FCE-E089-428F-8B5E-5C18D8B8825A} = {E9EA6B79-2935-414F-985F-BDEF631BB55E}
		{8048C7E2-3A8A-4934-A92A-DB17B2D82932} = {6EB82FCE-E089-428F-8B5E-5C18D8B8825A}
		{13C8B586-B93F-4BD5-BA34-BD98AE2E34F0} = {6EB82FCE-E089-428F-8B5E-5C18D8B8825A}
		{45032914-E96A-4C65-B954-9DCE5F87DBBE} = {6EB82FCE-E089-428F-8B5E-5C18D8B8825A}
		{968DDA50-7F1A-4632-8BDA-99C6492546FC} = {6EB82FCE-E089-428F-8B5E-5C18D8B8825A}
		{BEDB0D0B-E02E-4AEF-ACC8-23D0D386E48C} = {E9EA6B79-2935-414F-985F-BDEF631BB55E}
		{BB4CF9CE-41A4-4527-A228-8D4C22792B6D} = {BEDB0D0B-E02E-4AEF-ACC8-23D0D386E48C}
		{6DAFD34C-A0E6-42D4-A442-A805011F7825} = {BEDB0D0B-E02E-4AEF-ACC8-23D0D386E48C}
		{0E468CC0-DA75-4BCD-8C53-9FF20E8CBD74} = {BEDB0D0B-E02E-4AEF-ACC8-23D0D386E48C}
		{697320E8-B26B-4DAB-97CA-91FA7D4202CC} = {BEDB0D0B-E02E-4AEF-ACC8-23D0D386E48C}
		{5F897679-B71C-4BE6-B826-2AA06FAFC5F3} = {E9EA6B79-2935-414F-985F-BDEF631BB55E}
		{4E88EC10-2957-4F42-BFE3-C48B1AA7FB22} = {5F897679-B71C-4BE6-B826-2AA06FAFC5F3}
		{63E4E8D5-E0C3-46D2-BFA0-5B2A71C40EE3} = {5F897679-B71C-4BE6-B826-2AA06FAFC5F3}
		{DEE0EB33-6401-4A77-8955-DD09C90E7030} = {5F897679-B71C-4BE6-B826-2AA06FAFC5F3}
		{39406D94-4370-4DF2-A8A0-6046B57EC4B9} = {5F897679-B71C-4BE6-B826-2AA06FAFC5F3}
		{BE0574B3-79F3-4D07-8761-D6BCE76C3F6F} = {E9EA6B79-2935-414F-985F-BDEF631BB55E}
		{505B6C80-C7F8-4520-9C9F-A31D5DC4BD08} = {BE0574B3-79F3-4D07-8761-D6BCE76C3F6F}
		{DDCB0997-A8DA-48B2-B190-1036DA3AF270} = {BE0574B3-79F3-4D07-8761-D6BCE76C3F6F}
		{69B8F0B4-2D2E-4EEC-A95D-D79BF1C31021} = {BE0574B3-79F3-4D07-8761-D6BCE76C3F6F}
		{3266AC86-E199-408F-BF35-939F7BE13784} = {BE0574B3-79F3-4D07-8761-D6BCE76C3F6F}
	EndGlobalSection
	GlobalSection(ExtensibilityGlobals) = postSolution
		SolutionGuid = {A54F826E-A442-482A-8DD4-F2B2E5316A1D}
	EndGlobalSection
EndGlobal
